
Microsoft Visual Studio Solution File, Format Version 12.00
# Visual Studio 15
Project("{FAE04EC0-301F-11D3-BF4B-00C04F79EFBC}") = "WildingPines", "WildingPines\WildingPines.csproj", "{44CEA685-453F-42FB-AD21-98F50EE51DF2}"
EndProject
Project("{FAE04EC0-301F-11D3-BF4B-00C04F79EFBC}") = "WildingPinesTests", "WildingPinesTests\WildingPinesTests.csproj", "{87A60816-4478-4B20-989D-72D473BF0A60}"
EndProject
Global
	GlobalSection(SolutionConfigurationPlatforms) = preSolution
		Debug|Any CPU = Debug|Any CPU
		Release|Any CPU = Release|Any CPU
	EndGlobalSection
	GlobalSection(ProjectConfigurationPlatforms) = postSolution
		{44CEA685-453F-42FB-AD21-98F50EE51DF2}.Debug|Any CPU.ActiveCfg = Debug|Any CPU
		{44CEA685-453F-42FB-AD21-98F50EE51DF2}.Debug|Any CPU.Build.0 = Debug|Any CPU
		{44CEA685-453F-42FB-AD21-98F50EE51DF2}.Release|Any CPU.ActiveCfg = Release|Any CPU
		{44CEA685-453F-42FB-AD21-98F50EE51DF2}.Release|Any CPU.Build.0 = Release|Any CPU
		{87A60816-4478-4B20-989D-72D473BF0A60}.Debug|Any CPU.ActiveCfg = Debug|Any CPU
		{87A60816-4478-4B20-989D-72D473BF0A60}.Debug|Any CPU.Build.0 = Debug|Any CPU
		{87A60816-4478-4B20-989D-72D473BF0A60}.Release|Any CPU.ActiveCfg = Release|Any CPU
		{87A60816-4478-4B20-989D-72D473BF0A60}.Release|Any CPU.Build.0 = Release|Any CPU
	EndGlobalSection
EndGlobal
